
Microsoft Visual Studio Solution File, Format Version 12.00
# Visual Studio Version 17
VisualStudioVersion = 17.2.32616.157
MinimumVisualStudioVersion = 10.0.40219.1
Project("{2150E333-8FDC-42A3-9474-1A3956D46DE8}") = "Source", "Source", "{C1664B72-41A3-4029-8715-AF3B65AE44BC}"
EndProject
Project("{2150E333-8FDC-42A3-9474-1A3956D46DE8}") = "Tests", "Tests", "{348E1E8F-5473-43FF-A448-6746DE652F54}"
EndProject
Project("{2150E333-8FDC-42A3-9474-1A3956D46DE8}") = "Solution Items", "Solution Items", "{3FC77EDA-4DED-4EA0-B6FA-F1A06DD40E61}"
	ProjectSection(SolutionItems) = preProject
		README.md = README.md
	EndProjectSection
EndProject
Project("{9A19103F-16F7-4668-BE54-9A1E7A4F7556}") = "R.Systems.Template.WebApi", "R.Systems.Template.WebApi\R.Systems.Template.WebApi.csproj", "{FCB3C50B-E2CC-44A2-B440-033E872EAFC4}"
EndProject
Project("{9A19103F-16F7-4668-BE54-9A1E7A4F7556}") = "R.Systems.Template.Core", "R.Systems.Template.Core\R.Systems.Template.Core.csproj", "{E86AD37C-5D4A-4C07-AD31-C1FC0E280797}"
EndProject
Project("{2150E333-8FDC-42A3-9474-1A3956D46DE8}") = "Persistence", "Persistence", "{715FAF19-81F5-451B-BB71-09F365326371}"
EndProject
Project("{9A19103F-16F7-4668-BE54-9A1E7A4F7556}") = "R.Systems.Template.Persistence.Db", "R.Systems.Template.Persistence.Db\R.Systems.Template.Persistence.Db.csproj", "{C644E73B-055B-463B-A4F0-CF52A3BD8F70}"
EndProject
Project("{9A19103F-16F7-4668-BE54-9A1E7A4F7556}") = "R.Systems.Template.Tests.Integration", "R.Systems.Template.Tests.Integration\R.Systems.Template.Tests.Integration.csproj", "{02F542E7-C0FD-401E-8049-7E3F8AC80CAA}"
EndProject
Project("{FAE04EC0-301F-11D3-BF4B-00C04F79EFBC}") = "R.Systems.Template.WebMinimalApi", "R.Systems.Template.WebMinimalApi\R.Systems.Template.WebMinimalApi.csproj", "{F4B2D28B-FAFF-4834-9C1F-6882AB0189BF}"
EndProject
Global
	GlobalSection(SolutionConfigurationPlatforms) = preSolution
		Debug|Any CPU = Debug|Any CPU
		Release|Any CPU = Release|Any CPU
	EndGlobalSection
	GlobalSection(ProjectConfigurationPlatforms) = postSolution
		{FCB3C50B-E2CC-44A2-B440-033E872EAFC4}.Debug|Any CPU.ActiveCfg = Debug|Any CPU
		{FCB3C50B-E2CC-44A2-B440-033E872EAFC4}.Debug|Any CPU.Build.0 = Debug|Any CPU
		{FCB3C50B-E2CC-44A2-B440-033E872EAFC4}.Release|Any CPU.ActiveCfg = Release|Any CPU
		{FCB3C50B-E2CC-44A2-B440-033E872EAFC4}.Release|Any CPU.Build.0 = Release|Any CPU
		{E86AD37C-5D4A-4C07-AD31-C1FC0E280797}.Debug|Any CPU.ActiveCfg = Debug|Any CPU
		{E86AD37C-5D4A-4C07-AD31-C1FC0E280797}.Debug|Any CPU.Build.0 = Debug|Any CPU
		{E86AD37C-5D4A-4C07-AD31-C1FC0E280797}.Release|Any CPU.ActiveCfg = Release|Any CPU
		{E86AD37C-5D4A-4C07-AD31-C1FC0E280797}.Release|Any CPU.Build.0 = Release|Any CPU
		{C644E73B-055B-463B-A4F0-CF52A3BD8F70}.Debug|Any CPU.ActiveCfg = Debug|Any CPU
		{C644E73B-055B-463B-A4F0-CF52A3BD8F70}.Debug|Any CPU.Build.0 = Debug|Any CPU
		{C644E73B-055B-463B-A4F0-CF52A3BD8F70}.Release|Any CPU.ActiveCfg = Release|Any CPU
		{C644E73B-055B-463B-A4F0-CF52A3BD8F70}.Release|Any CPU.Build.0 = Release|Any CPU
		{02F542E7-C0FD-401E-8049-7E3F8AC80CAA}.Debug|Any CPU.ActiveCfg = Debug|Any CPU
		{02F542E7-C0FD-401E-8049-7E3F8AC80CAA}.Debug|Any CPU.Build.0 = Debug|Any CPU
		{02F542E7-C0FD-401E-8049-7E3F8AC80CAA}.Release|Any CPU.ActiveCfg = Release|Any CPU
		{02F542E7-C0FD-401E-8049-7E3F8AC80CAA}.Release|Any CPU.Build.0 = Release|Any CPU
		{F4B2D28B-FAFF-4834-9C1F-6882AB0189BF}.Debug|Any CPU.ActiveCfg = Debug|Any CPU
		{F4B2D28B-FAFF-4834-9C1F-6882AB0189BF}.Debug|Any CPU.Build.0 = Debug|Any CPU
		{F4B2D28B-FAFF-4834-9C1F-6882AB0189BF}.Release|Any CPU.ActiveCfg = Release|Any CPU
		{F4B2D28B-FAFF-4834-9C1F-6882AB0189BF}.Release|Any CPU.Build.0 = Release|Any CPU
	EndGlobalSection
	GlobalSection(SolutionProperties) = preSolution
		HideSolutionNode = FALSE
	EndGlobalSection
	GlobalSection(NestedProjects) = preSolution
		{FCB3C50B-E2CC-44A2-B440-033E872EAFC4} = {C1664B72-41A3-4029-8715-AF3B65AE44BC}
		{E86AD37C-5D4A-4C07-AD31-C1FC0E280797} = {C1664B72-41A3-4029-8715-AF3B65AE44BC}
		{715FAF19-81F5-451B-BB71-09F365326371} = {C1664B72-41A3-4029-8715-AF3B65AE44BC}
		{C644E73B-055B-463B-A4F0-CF52A3BD8F70} = {715FAF19-81F5-451B-BB71-09F365326371}
		{02F542E7-C0FD-401E-8049-7E3F8AC80CAA} = {348E1E8F-5473-43FF-A448-6746DE652F54}
		{F4B2D28B-FAFF-4834-9C1F-6882AB0189BF} = {C1664B72-41A3-4029-8715-AF3B65AE44BC}
	EndGlobalSection
	GlobalSection(ExtensibilityGlobals) = postSolution
		SolutionGuid = {8C7C7034-5BF5-4768-9C4A-944572427549}
	EndGlobalSection
EndGlobal
