
Microsoft Visual Studio Solution File, Format Version 12.00
# Visual Studio Version 17
VisualStudioVersion = 17.2.32616.157
MinimumVisualStudioVersion = 10.0.40219.1
Project("{2150E333-8FDC-42A3-9474-1A3956D46DE8}") = "Source", "Source", "{C1664B72-41A3-4029-8715-AF3B65AE44BC}"
EndProject
Project("{2150E333-8FDC-42A3-9474-1A3956D46DE8}") = "Tests", "Tests", "{348E1E8F-5473-43FF-A448-6746DE652F54}"
EndProject
Project("{2150E333-8FDC-42A3-9474-1A3956D46DE8}") = "Solution Items", "Solution Items", "{3FC77EDA-4DED-4EA0-B6FA-F1A06DD40E61}"
	ProjectSection(SolutionItems) = preProject
		docker-compose.yml = docker-compose.yml
		LICENSE.md = LICENSE.md
		README.md = README.md
	EndProjectSection
EndProject
Project("{2150E333-8FDC-42A3-9474-1A3956D46DE8}") = "Infrastructure", "Infrastructure", "{2781F1A5-CCD4-4E90-A448-3E2563C58EDB}"
EndProject
Project("{2150E333-8FDC-42A3-9474-1A3956D46DE8}") = "Core", "Core", "{0EA84822-8C66-4704-ABB5-7E621106A8AC}"
EndProject
Project("{2150E333-8FDC-42A3-9474-1A3956D46DE8}") = "Api", "Api", "{F1F14032-B02E-4494-AD73-4839A49CDEF7}"
EndProject
Project("{9A19103F-16F7-4668-BE54-9A1E7A4F7556}") = "R.Systems.Template.Core", "R.Systems.Template.Core\R.Systems.Template.Core.csproj", "{AEC3BC5D-4391-4A5D-B72D-364028919FFB}"
EndProject
Project("{9A19103F-16F7-4668-BE54-9A1E7A4F7556}") = "R.Systems.Template.Infrastructure.Azure", "R.Systems.Template.Infrastructure.Azure\R.Systems.Template.Infrastructure.Azure.csproj", "{8EDE1B87-B09C-4403-9822-92C83F8B394D}"
EndProject
Project("{9A19103F-16F7-4668-BE54-9A1E7A4F7556}") = "R.Systems.Template.Infrastructure.Db", "R.Systems.Template.Infrastructure.Db\R.Systems.Template.Infrastructure.Db.csproj", "{2B76BA7E-E233-4158-9178-E475E2FF0FE9}"
EndProject
Project("{9A19103F-16F7-4668-BE54-9A1E7A4F7556}") = "R.Systems.Template.Api.DataGeneratorCli", "R.Systems.Template.Api.DataGeneratorCli\R.Systems.Template.Api.DataGeneratorCli.csproj", "{AB577520-4A4C-4844-AF6D-15F119A93D72}"
EndProject
Project("{9A19103F-16F7-4668-BE54-9A1E7A4F7556}") = "R.Systems.Template.Api.Web", "R.Systems.Template.Api.Web\R.Systems.Template.Api.Web.csproj", "{5F3A832D-FBF5-42E3-8E9E-2EE27ECEA407}"
EndProject
Project("{9A19103F-16F7-4668-BE54-9A1E7A4F7556}") = "R.Systems.Template.Api.WebMinimal", "R.Systems.Template.Api.WebMinimal\R.Systems.Template.Api.WebMinimal.csproj", "{7E81CA08-506F-42FF-B35E-92AD684E684F}"
EndProject
Project("{9A19103F-16F7-4668-BE54-9A1E7A4F7556}") = "R.Systems.Template.Tests.Api.Web.Integration", "R.Systems.Template.Tests.Api.Web.Integration\R.Systems.Template.Tests.Api.Web.Integration.csproj", "{E556BB32-CF17-413A-8F53-4723248989AF}"
EndProject
Project("{9A19103F-16F7-4668-BE54-9A1E7A4F7556}") = "R.Systems.Template.Tests.Api.DataGeneratorCli.Integration", "R.Systems.Template.Tests.Api.DataGeneratorCli.Integration\R.Systems.Template.Tests.Api.DataGeneratorCli.Integration.csproj", "{839434F7-4E61-4C97-81A0-110404DE0A9F}"
EndProject
Project("{9A19103F-16F7-4668-BE54-9A1E7A4F7556}") = "R.Systems.Template.Api.AzureFunctions", "R.Systems.Template.Api.AzureFunctions\R.Systems.Template.Api.AzureFunctions.csproj", "{9B852E79-D360-4F79-B35D-566E55D1D91C}"
EndProject
Project("{FAE04EC0-301F-11D3-BF4B-00C04F79EFBC}") = "R.Systems.Template.Tests.Api.AzureFunctions.Integration", "R.Systems.Template.Tests.Api.AzureFunctions.Integration\R.Systems.Template.Tests.Api.AzureFunctions.Integration.csproj", "{ECE0A30A-134F-4DA7-85F0-FA48D28C1461}"
EndProject
Global
	GlobalSection(SolutionConfigurationPlatforms) = preSolution
		Debug|Any CPU = Debug|Any CPU
		Release|Any CPU = Release|Any CPU
	EndGlobalSection
	GlobalSection(ProjectConfigurationPlatforms) = postSolution
		{AEC3BC5D-4391-4A5D-B72D-364028919FFB}.Debug|Any CPU.ActiveCfg = Debug|Any CPU
		{AEC3BC5D-4391-4A5D-B72D-364028919FFB}.Debug|Any CPU.Build.0 = Debug|Any CPU
		{AEC3BC5D-4391-4A5D-B72D-364028919FFB}.Release|Any CPU.ActiveCfg = Release|Any CPU
		{AEC3BC5D-4391-4A5D-B72D-364028919FFB}.Release|Any CPU.Build.0 = Release|Any CPU
		{8EDE1B87-B09C-4403-9822-92C83F8B394D}.Debug|Any CPU.ActiveCfg = Debug|Any CPU
		{8EDE1B87-B09C-4403-9822-92C83F8B394D}.Debug|Any CPU.Build.0 = Debug|Any CPU
		{8EDE1B87-B09C-4403-9822-92C83F8B394D}.Release|Any CPU.ActiveCfg = Release|Any CPU
		{8EDE1B87-B09C-4403-9822-92C83F8B394D}.Release|Any CPU.Build.0 = Release|Any CPU
		{2B76BA7E-E233-4158-9178-E475E2FF0FE9}.Debug|Any CPU.ActiveCfg = Debug|Any CPU
		{2B76BA7E-E233-4158-9178-E475E2FF0FE9}.Debug|Any CPU.Build.0 = Debug|Any CPU
		{2B76BA7E-E233-4158-9178-E475E2FF0FE9}.Release|Any CPU.ActiveCfg = Release|Any CPU
		{2B76BA7E-E233-4158-9178-E475E2FF0FE9}.Release|Any CPU.Build.0 = Release|Any CPU
		{AB577520-4A4C-4844-AF6D-15F119A93D72}.Debug|Any CPU.ActiveCfg = Debug|Any CPU
		{AB577520-4A4C-4844-AF6D-15F119A93D72}.Debug|Any CPU.Build.0 = Debug|Any CPU
		{AB577520-4A4C-4844-AF6D-15F119A93D72}.Release|Any CPU.ActiveCfg = Release|Any CPU
		{AB577520-4A4C-4844-AF6D-15F119A93D72}.Release|Any CPU.Build.0 = Release|Any CPU
		{5F3A832D-FBF5-42E3-8E9E-2EE27ECEA407}.Debug|Any CPU.ActiveCfg = Debug|Any CPU
		{5F3A832D-FBF5-42E3-8E9E-2EE27ECEA407}.Debug|Any CPU.Build.0 = Debug|Any CPU
		{5F3A832D-FBF5-42E3-8E9E-2EE27ECEA407}.Release|Any CPU.ActiveCfg = Release|Any CPU
		{5F3A832D-FBF5-42E3-8E9E-2EE27ECEA407}.Release|Any CPU.Build.0 = Release|Any CPU
		{7E81CA08-506F-42FF-B35E-92AD684E684F}.Debug|Any CPU.ActiveCfg = Debug|Any CPU
		{7E81CA08-506F-42FF-B35E-92AD684E684F}.Debug|Any CPU.Build.0 = Debug|Any CPU
		{7E81CA08-506F-42FF-B35E-92AD684E684F}.Release|Any CPU.ActiveCfg = Release|Any CPU
		{7E81CA08-506F-42FF-B35E-92AD684E684F}.Release|Any CPU.Build.0 = Release|Any CPU
		{E556BB32-CF17-413A-8F53-4723248989AF}.Debug|Any CPU.ActiveCfg = Debug|Any CPU
		{E556BB32-CF17-413A-8F53-4723248989AF}.Debug|Any CPU.Build.0 = Debug|Any CPU
		{E556BB32-CF17-413A-8F53-4723248989AF}.Release|Any CPU.ActiveCfg = Release|Any CPU
		{E556BB32-CF17-413A-8F53-4723248989AF}.Release|Any CPU.Build.0 = Release|Any CPU
		{839434F7-4E61-4C97-81A0-110404DE0A9F}.Debug|Any CPU.ActiveCfg = Debug|Any CPU
		{839434F7-4E61-4C97-81A0-110404DE0A9F}.Debug|Any CPU.Build.0 = Debug|Any CPU
		{839434F7-4E61-4C97-81A0-110404DE0A9F}.Release|Any CPU.ActiveCfg = Release|Any CPU
		{839434F7-4E61-4C97-81A0-110404DE0A9F}.Release|Any CPU.Build.0 = Release|Any CPU
		{9B852E79-D360-4F79-B35D-566E55D1D91C}.Debug|Any CPU.ActiveCfg = Debug|Any CPU
		{9B852E79-D360-4F79-B35D-566E55D1D91C}.Debug|Any CPU.Build.0 = Debug|Any CPU
		{9B852E79-D360-4F79-B35D-566E55D1D91C}.Release|Any CPU.ActiveCfg = Release|Any CPU
		{9B852E79-D360-4F79-B35D-566E55D1D91C}.Release|Any CPU.Build.0 = Release|Any CPU
		{ECE0A30A-134F-4DA7-85F0-FA48D28C1461}.Debug|Any CPU.ActiveCfg = Debug|Any CPU
		{ECE0A30A-134F-4DA7-85F0-FA48D28C1461}.Debug|Any CPU.Build.0 = Debug|Any CPU
		{ECE0A30A-134F-4DA7-85F0-FA48D28C1461}.Release|Any CPU.ActiveCfg = Release|Any CPU
		{ECE0A30A-134F-4DA7-85F0-FA48D28C1461}.Release|Any CPU.Build.0 = Release|Any CPU
	EndGlobalSection
	GlobalSection(SolutionProperties) = preSolution
		HideSolutionNode = FALSE
	EndGlobalSection
	GlobalSection(NestedProjects) = preSolution
		{2781F1A5-CCD4-4E90-A448-3E2563C58EDB} = {C1664B72-41A3-4029-8715-AF3B65AE44BC}
		{0EA84822-8C66-4704-ABB5-7E621106A8AC} = {C1664B72-41A3-4029-8715-AF3B65AE44BC}
		{F1F14032-B02E-4494-AD73-4839A49CDEF7} = {C1664B72-41A3-4029-8715-AF3B65AE44BC}
		{AEC3BC5D-4391-4A5D-B72D-364028919FFB} = {0EA84822-8C66-4704-ABB5-7E621106A8AC}
		{8EDE1B87-B09C-4403-9822-92C83F8B394D} = {2781F1A5-CCD4-4E90-A448-3E2563C58EDB}
		{2B76BA7E-E233-4158-9178-E475E2FF0FE9} = {2781F1A5-CCD4-4E90-A448-3E2563C58EDB}
		{AB577520-4A4C-4844-AF6D-15F119A93D72} = {F1F14032-B02E-4494-AD73-4839A49CDEF7}
		{5F3A832D-FBF5-42E3-8E9E-2EE27ECEA407} = {F1F14032-B02E-4494-AD73-4839A49CDEF7}
		{7E81CA08-506F-42FF-B35E-92AD684E684F} = {F1F14032-B02E-4494-AD73-4839A49CDEF7}
		{E556BB32-CF17-413A-8F53-4723248989AF} = {348E1E8F-5473-43FF-A448-6746DE652F54}
		{839434F7-4E61-4C97-81A0-110404DE0A9F} = {348E1E8F-5473-43FF-A448-6746DE652F54}
		{9B852E79-D360-4F79-B35D-566E55D1D91C} = {F1F14032-B02E-4494-AD73-4839A49CDEF7}
		{ECE0A30A-134F-4DA7-85F0-FA48D28C1461} = {348E1E8F-5473-43FF-A448-6746DE652F54}
	EndGlobalSection
	GlobalSection(ExtensibilityGlobals) = postSolution
		SolutionGuid = {8C7C7034-5BF5-4768-9C4A-944572427549}
	EndGlobalSection
EndGlobal
